{
  "name": "@ralvarezdev/js-module-permissions",
  "version": "0.3.16",
  "lockfileVersion": 3,
  "requires": true,
  "packages": {
    "": {
      "name": "@ralvarezdev/js-module-permissions",
      "version": "0.3.16",
      "license": "ISC",
      "dependencies": {
        "@ralvarezdev/js-decorator": "^0.1.10",
        "@ralvarezdev/js-reflection": "^0.3.10"
      }
    },
    "node_modules/@ralvarezdev/js-decorator": {
      "version": "0.1.10",
      "resolved": "https://registry.npmjs.org/@ralvarezdev/js-decorator/-/js-decorator-0.1.10.tgz",
      "integrity": "sha512-g/41DR70KUI69iPT59ep/DeMYAERNzR+W5gmlzW4uAKrPNStHiDhBem3rzcg/Tx7ya5nD9BnVuprrq5lVSgXGQ=="
    },
    "node_modules/@ralvarezdev/js-reflection": {
      "version": "0.3.10",
      "resolved": "https://registry.npmjs.org/@ralvarezdev/js-reflection/-/js-reflection-0.3.10.tgz",
      "integrity": "sha512-h8v142YYwIgXWIU2haG/erehoCP4ra4/0sx64cHxVjkDBoo9RVegycpgtQUazYj3uazP2VbXlLwo9TFi0KrkcQ=="
    }
  }
}
