{
  "name": "@ralvarezdev/js-module-permissions",
  "version": "0.2.5",
  "lockfileVersion": 3,
  "requires": true,
  "packages": {
    "": {
      "name": "@ralvarezdev/js-module-permissions",
      "version": "0.2.5",
      "license": "ISC",
      "dependencies": {
        "@ralvarezdev/js-decorator": "^0.1.2",
        "@ralvarezdev/js-reflection": "^0.3.8"
      }
    },
    "node_modules/@ralvarezdev/js-decorator": {
      "version": "0.1.2",
      "resolved": "https://registry.npmjs.org/@ralvarezdev/js-decorator/-/js-decorator-0.1.2.tgz",
      "integrity": "sha512-N1FEbNtOcEe2j9E7ybODWGBjApR4ZmduuWEPL0p1txE7IjtI569srCJuI/UdAG2N5QOKOkvlp6WQPjSjjajzFw=="
    },
    "node_modules/@ralvarezdev/js-reflection": {
      "version": "0.3.8",
      "resolved": "https://registry.npmjs.org/@ralvarezdev/js-reflection/-/js-reflection-0.3.8.tgz",
      "integrity": "sha512-FpuMbx923GMjpSaGH1FcA/t2Q4GgOCEpthtfXG18xdVocvd4TZLAoU/Vhf4nFuc1rKSQ64HrjEfoHxn0WOzbsQ=="
    }
  }
}
