{
  "name": "@ralvarezdev/js-module-permissions",
  "version": "0.2.0",
  "lockfileVersion": 3,
  "requires": true,
  "packages": {
    "": {
      "name": "@ralvarezdev/js-module-permissions",
      "version": "0.2.0",
      "license": "ISC",
      "dependencies": {
        "@ralvarezdev/js-reflection": "^0.3.3"
      }
    },
    "node_modules/@ralvarezdev/js-reflection": {
      "version": "0.3.3",
      "resolved": "https://registry.npmjs.org/@ralvarezdev/js-reflection/-/js-reflection-0.3.3.tgz",
      "integrity": "sha512-yBaCTj8qFkdDr5G/Db5D72RGb3nEPfTmRPRvzAezOPeJbesPOA3gy3CNR73/D563gK4gYeE9f6U7SCcqffDX3Q=="
    }
  }
}
